
Microsoft Visual Studio Solution File, Format Version 12.00
# Visual Studio Version 17
VisualStudioVersion = 17.6.33723.286
MinimumVisualStudioVersion = 10.0.40219.1
Project("{FAE04EC0-301F-11D3-BF4B-00C04F79EFBC}") = "Vladimir-Georgiev-employees", "Vladimir-Georgiev-employees\Vladimir-Georgiev-employees.csproj", "{CAB7AE56-F5A0-446A-B0C6-7F7C3534E898}"
EndProject
Global
	GlobalSection(SolutionConfigurationPlatforms) = preSolution
		Debug|Any CPU = Debug|Any CPU
		Release|Any CPU = Release|Any CPU
	EndGlobalSection
	GlobalSection(ProjectConfigurationPlatforms) = postSolution
		{CAB7AE56-F5A0-446A-B0C6-7F7C3534E898}.Debug|Any CPU.ActiveCfg = Debug|Any CPU
		{CAB7AE56-F5A0-446A-B0C6-7F7C3534E898}.Debug|Any CPU.Build.0 = Debug|Any CPU
		{CAB7AE56-F5A0-446A-B0C6-7F7C3534E898}.Release|Any CPU.ActiveCfg = Release|Any CPU
		{CAB7AE56-F5A0-446A-B0C6-7F7C3534E898}.Release|Any CPU.Build.0 = Release|Any CPU
	EndGlobalSection
	GlobalSection(SolutionProperties) = preSolution
		HideSolutionNode = FALSE
	EndGlobalSection
	GlobalSection(ExtensibilityGlobals) = postSolution
		SolutionGuid = {14BB2D84-940E-4216-9E9B-52D3974F60FA}
	EndGlobalSection
EndGlobal
